
Microsoft Visual Studio Solution File, Format Version 12.00
# Visual Studio 15
VisualStudioVersion = 15.0.28307.421
MinimumVisualStudioVersion = 10.0.40219.1
Project("{FAE04EC0-301F-11D3-BF4B-00C04F79EFBC}") = "Biyo Odev 2", "Biyo Odev 2\Biyo Odev 2.csproj", "{8340D776-5D04-4535-9AEE-0A540B3BEF96}"
EndProject
Global
	GlobalSection(SolutionConfigurationPlatforms) = preSolution
		Debug|Any CPU = Debug|Any CPU
		Release|Any CPU = Release|Any CPU
	EndGlobalSection
	GlobalSection(ProjectConfigurationPlatforms) = postSolution
		{8340D776-5D04-4535-9AEE-0A540B3BEF96}.Debug|Any CPU.ActiveCfg = Debug|Any CPU
		{8340D776-5D04-4535-9AEE-0A540B3BEF96}.Debug|Any CPU.Build.0 = Debug|Any CPU
		{8340D776-5D04-4535-9AEE-0A540B3BEF96}.Release|Any CPU.ActiveCfg = Release|Any CPU
		{8340D776-5D04-4535-9AEE-0A540B3BEF96}.Release|Any CPU.Build.0 = Release|Any CPU
	EndGlobalSection
	GlobalSection(SolutionProperties) = preSolution
		HideSolutionNode = FALSE
	EndGlobalSection
	GlobalSection(ExtensibilityGlobals) = postSolution
		SolutionGuid = {630B3653-D788-4EB5-A6E3-2B8D8F0608A7}
	EndGlobalSection
EndGlobal
